// !$*UTF8*$!
{
	archiveVersion = 1;
	classes = {
	};
	objectVersion = 46;
	objects = {

/* Begin PBXBuildFile section */
		4317963F1DA0E81C00541E8B /* SafariScript.m in Sources */ = {isa = PBXBuildFile; fileRef = 4317963E1DA0E81C00541E8B /* SafariScript.m */; };
		43D9E65B1DA0531F00025D4A /* main.swift in Sources */ = {isa = PBXBuildFile; fileRef = 43D9E65A1DA0531F00025D4A /* main.swift */; };
/* End PBXBuildFile section */

/* Begin PBXCopyFilesBuildPhase section */
		43D9E6551DA0531F00025D4A /* CopyFiles */ = {
			isa = PBXCopyFilesBuildPhase;
			buildActionMask = 2147483647;
			dstPath = /usr/share/man/man1/;
			dstSubfolderSpec = 0;
			files = (
			);
			runOnlyForDeploymentPostprocessing = 1;
		};
/* End PBXCopyFilesBuildPhase section */

/* Begin PBXFileReference section */
		431796381DA0E55F00541E8B /* Safari.sdef */ = {isa = PBXFileReference; lastKnownFileType = text.xml; path = Safari.sdef; sourceTree = "<group>"; };
		431796391DA0E56900541E8B /* Safari.h */ = {isa = PBXFileReference; lastKnownFileType = sourcecode.c.h; path = Safari.h; sourceTree = "<group>"; };
		4317963A1DA0E5A600541E8B /* Kyobo-Bridging-Header.h */ = {isa = PBXFileReference; lastKnownFileType = sourcecode.c.h; path = "Kyobo-Bridging-Header.h"; sourceTree = "<group>"; };
		4317963D1DA0E81C00541E8B /* SafariScript.h */ = {isa = PBXFileReference; fileEncoding = 4; lastKnownFileType = sourcecode.c.h; path = SafariScript.h; sourceTree = "<group>"; };
		4317963E1DA0E81C00541E8B /* SafariScript.m */ = {isa = PBXFileReference; fileEncoding = 4; lastKnownFileType = sourcecode.c.objc; lineEnding = 0; path = SafariScript.m; sourceTree = "<group>"; };
		431796401DA0EBCA00541E8B /* SafariScript.scpt */ = {isa = PBXFileReference; lastKnownFileType = text; path = SafariScript.scpt; sourceTree = "<group>"; };
		43D9E6571DA0531F00025D4A /* Kyobo */ = {isa = PBXFileReference; explicitFileType = "compiled.mach-o.executable"; includeInIndex = 0; path = Kyobo; sourceTree = BUILT_PRODUCTS_DIR; };
		43D9E65A1DA0531F00025D4A /* main.swift */ = {isa = PBXFileReference; lastKnownFileType = sourcecode.swift; path = main.swift; sourceTree = "<group>"; };
/* End PBXFileReference section */

/* Begin PBXFrameworksBuildPhase section */
		43D9E6541DA0531F00025D4A /* Frameworks */ = {
			isa = PBXFrameworksBuildPhase;
			buildActionMask = 2147483647;
			files = (
			);
			runOnlyForDeploymentPostprocessing = 0;
		};
/* End PBXFrameworksBuildPhase section */

/* Begin PBXGroup section */
		43D9E64E1DA0531F00025D4A = {
			isa = PBXGroup;
			children = (
				43D9E6591DA0531F00025D4A /* Kyobo */,
				43D9E6581DA0531F00025D4A /* Products */,
			);
			sourceTree = "<group>";
		};
		43D9E6581DA0531F00025D4A /* Products */ = {
			isa = PBXGroup;
			children = (
				43D9E6571DA0531F00025D4A /* Kyobo */,
			);
			name = Products;
			sourceTree = "<group>";
		};
		43D9E6591DA0531F00025D4A /* Kyobo */ = {
			isa = PBXGroup;
			children = (
				431796391DA0E56900541E8B /* Safari.h */,
				431796381DA0E55F00541E8B /* Safari.sdef */,
				431796401DA0EBCA00541E8B /* SafariScript.scpt */,
				4317963D1DA0E81C00541E8B /* SafariScript.h */,
				4317963E1DA0E81C00541E8B /* SafariScript.m */,
				4317963A1DA0E5A600541E8B /* Kyobo-Bridging-Header.h */,
				43D9E65A1DA0531F00025D4A /* main.swift */,
			);
			path = Kyobo;
			sourceTree = "<group>";
		};
/* End PBXGroup section */

/* Begin PBXNativeTarget section */
		43D9E6561DA0531F00025D4A /* Kyobo */ = {
			isa = PBXNativeTarget;
			buildConfigurationList = 43D9E65E1DA0531F00025D4A /* Build configuration list for PBXNativeTarget "Kyobo" */;
			buildPhases = (
				43D9E6531DA0531F00025D4A /* Sources */,
				43D9E6541DA0531F00025D4A /* Frameworks */,
				43D9E6551DA0531F00025D4A /* CopyFiles */,
			);
			buildRules = (
			);
			dependencies = (
			);
			name = Kyobo;
			productName = Kyobo;
			productReference = 43D9E6571DA0531F00025D4A /* Kyobo */;
			productType = "com.apple.product-type.tool";
		};
/* End PBXNativeTarget section */

/* Begin PBXProject section */
		43D9E64F1DA0531F00025D4A /* Project object */ = {
			isa = PBXProject;
			attributes = {
				LastSwiftUpdateCheck = 0800;
				LastUpgradeCheck = 0800;
				ORGANIZATIONNAME = "Hyunjae Lee";
				TargetAttributes = {
					43D9E6561DA0531F00025D4A = {
						CreatedOnToolsVersion = 8.0;
						DevelopmentTeam = CU6TTXXQZE;
						LastSwiftMigration = 0800;
						ProvisioningStyle = Automatic;
					};
				};
			};
			buildConfigurationList = 43D9E6521DA0531F00025D4A /* Build configuration list for PBXProject "Kyobo" */;
			compatibilityVersion = "Xcode 3.2";
			developmentRegion = English;
			hasScannedForEncodings = 0;
			knownRegions = (
				en,
			);
			mainGroup = 43D9E64E1DA0531F00025D4A;
			productRefGroup = 43D9E6581DA0531F00025D4A /* Products */;
			projectDirPath = "";
			projectRoot = "";
			targets = (
				43D9E6561DA0531F00025D4A /* Kyobo */,
			);
		};
/* End PBXProject section */

/* Begin PBXSourcesBuildPhase section */
		43D9E6531DA0531F00025D4A /* Sources */ = {
			isa = PBXSourcesBuildPhase;
			buildActionMask = 2147483647;
			files = (
				4317963F1DA0E81C00541E8B /* SafariScript.m in Sources */,
				43D9E65B1DA0531F00025D4A /* main.swift in Sources */,
			);
			runOnlyForDeploymentPostprocessing = 0;
		};
/* End PBXSourcesBuildPhase section */

/* Begin XCBuildConfiguration section */
		43D9E65C1DA0531F00025D4A /* Debug */ = {
			isa = XCBuildConfiguration;
			buildSettings = {
				ALWAYS_SEARCH_USER_PATHS = NO;
				CLANG_ANALYZER_NONNULL = YES;
				CLANG_CXX_LANGUAGE_STANDARD = "gnu++0x";
				CLANG_CXX_LIBRARY = "libc++";
				CLANG_ENABLE_MODULES = YES;
				CLANG_ENABLE_OBJC_ARC = YES;
				CLANG_WARN_BOOL_CONVERSION = YES;
				CLANG_WARN_CONSTANT_CONVERSION = YES;
				CLANG_WARN_DIRECT_OBJC_ISA_USAGE = YES_ERROR;
				CLANG_WARN_DOCUMENTATION_COMMENTS = YES;
				CLANG_WARN_EMPTY_BODY = YES;
				CLANG_WARN_ENUM_CONVERSION = YES;
				CLANG_WARN_INFINITE_RECURSION = YES;
				CLANG_WARN_INT_CONVERSION = YES;
				CLANG_WARN_OBJC_ROOT_CLASS = YES_ERROR;
				CLANG_WARN_SUSPICIOUS_MOVES = YES;
				CLANG_WARN_UNREACHABLE_CODE = YES;
				CLANG_WARN__DUPLICATE_METHOD_MATCH = YES;
				CODE_SIGN_IDENTITY = "-";
				COPY_PHASE_STRIP = NO;
				DEBUG_INFORMATION_FORMAT = dwarf;
				ENABLE_STRICT_OBJC_MSGSEND = YES;
				ENABLE_TESTABILITY = YES;
				GCC_C_LANGUAGE_STANDARD = gnu99;
				GCC_DYNAMIC_NO_PIC = NO;
				GCC_NO_COMMON_BLOCKS = YES;
				GCC_OPTIMIZATION_LEVEL = 0;
				GCC_PREPROCESSOR_DEFINITIONS = (
					"DEBUG=1",
					"$(inherited)",
				);
				GCC_WARN_64_TO_32_BIT_CONVERSION = YES;
				GCC_WARN_ABOUT_RETURN_TYPE = YES_ERROR;
				GCC_WARN_UNDECLARED_SELECTOR = YES;
				GCC_WARN_UNINITIALIZED_AUTOS = YES_AGGRESSIVE;
				GCC_WARN_UNUSED_FUNCTION = YES;
				GCC_WARN_UNUSED_VARIABLE = YES;
				MACOSX_DEPLOYMENT_TARGET = 10.12;
				MTL_ENABLE_DEBUG_INFO = YES;
				ONLY_ACTIVE_ARCH = YES;
				SDKROOT = macosx;
				SWIFT_OPTIMIZATION_LEVEL = "-Onone";
			};
			name = Debug;
		};
		43D9E65D1DA0531F00025D4A /* Release */ = {
			isa = XCBuildConfiguration;
			buildSettings = {
				ALWAYS_SEARCH_USER_PATHS = NO;
				CLANG_ANALYZER_NONNULL = YES;
				CLANG_CXX_LANGUAGE_STANDARD = "gnu++0x";
				CLANG_CXX_LIBRARY = "libc++";
				CLANG_ENABLE_MODULES = YES;
				CLANG_ENABLE_OBJC_ARC = YES;
				CLANG_WARN_BOOL_CONVERSION = YES;
				CLANG_WARN_CONSTANT_CONVERSION = YES;
				CLANG_WARN_DIRECT_OBJC_ISA_USAGE = YES_ERROR;
				CLANG_WARN_DOCUMENTATION_COMMENTS = YES;
				CLANG_WARN_EMPTY_BODY = YES;
				CLANG_WARN_ENUM_CONVERSION = YES;
				CLANG_WARN_INFINITE_RECURSION = YES;
				CLANG_WARN_INT_CONVERSION = YES;
				CLANG_WARN_OBJC_ROOT_CLASS = YES_ERROR;
				CLANG_WARN_SUSPICIOUS_MOVES = YES;
				CLANG_WARN_UNREACHABLE_CODE = YES;
				CLANG_WARN__DUPLICATE_METHOD_MATCH = YES;
				CODE_SIGN_IDENTITY = "-";
				COPY_PHASE_STRIP = NO;
				DEBUG_INFORMATION_FORMAT = "dwarf-with-dsym";
				ENABLE_NS_ASSERTIONS = NO;
				ENABLE_STRICT_OBJC_MSGSEND = YES;
				GCC_C_LANGUAGE_STANDARD = gnu99;
				GCC_NO_COMMON_BLOCKS = YES;
				GCC_WARN_64_TO_32_BIT_CONVERSION = YES;
				GCC_WARN_ABOUT_RETURN_TYPE = YES_ERROR;
				GCC_WARN_UNDECLARED_SELECTOR = YES;
				GCC_WARN_UNINITIALIZED_AUTOS = YES_AGGRESSIVE;
				GCC_WARN_UNUSED_FUNCTION = YES;
				GCC_WARN_UNUSED_VARIABLE = YES;
				MACOSX_DEPLOYMENT_TARGET = 10.12;
				MTL_ENABLE_DEBUG_INFO = NO;
				SDKROOT = macosx;
			};
			name = Release;
		};
		43D9E65F1DA0531F00025D4A /* Debug */ = {
			isa = XCBuildConfiguration;
			buildSettings = {
				CLANG_ENABLE_MODULES = YES;
				DEVELOPMENT_TEAM = CU6TTXXQZE;
				LD_RUNPATH_SEARCH_PATHS = "$(inherited) @executable_path/../Frameworks @loader_path/../Frameworks";
				PRODUCT_NAME = "$(TARGET_NAME)";
				SWIFT_OBJC_BRIDGING_HEADER = "Kyobo/Kyobo-Bridging-Header.h";
				SWIFT_OPTIMIZATION_LEVEL = "-Onone";
				SWIFT_VERSION = 3.0;
			};
			name = Debug;
		};
		43D9E6601DA0531F00025D4A /* Release */ = {
			isa = XCBuildConfiguration;
			buildSettings = {
				CLANG_ENABLE_MODULES = YES;
				DEVELOPMENT_TEAM = CU6TTXXQZE;
				LD_RUNPATH_SEARCH_PATHS = "$(inherited) @executable_path/../Frameworks @loader_path/../Frameworks";
				PRODUCT_NAME = "$(TARGET_NAME)";
				SWIFT_OBJC_BRIDGING_HEADER = "Kyobo/Kyobo-Bridging-Header.h";
				SWIFT_VERSION = 3.0;
			};
			name = Release;
		};
/* End XCBuildConfiguration section */

/* Begin XCConfigurationList section */
		43D9E6521DA0531F00025D4A /* Build configuration list for PBXProject "Kyobo" */ = {
			isa = XCConfigurationList;
			buildConfigurations = (
				43D9E65C1DA0531F00025D4A /* Debug */,
				43D9E65D1DA0531F00025D4A /* Release */,
			);
			defaultConfigurationIsVisible = 0;
			defaultConfigurationName = Release;
		};
		43D9E65E1DA0531F00025D4A /* Build configuration list for PBXNativeTarget "Kyobo" */ = {
			isa = XCConfigurationList;
			buildConfigurations = (
				43D9E65F1DA0531F00025D4A /* Debug */,
				43D9E6601DA0531F00025D4A /* Release */,
			);
			defaultConfigurationIsVisible = 0;
			defaultConfigurationName = Release;
		};
/* End XCConfigurationList section */
	};
	rootObject = 43D9E64F1DA0531F00025D4A /* Project object */;
}
